
Microsoft Visual Studio Solution File, Format Version 12.00
# Visual Studio Version 16
VisualStudioVersion = 16.0.31729.503
MinimumVisualStudioVersion = 10.0.40219.1
Project("{8BC9CEB8-8B4A-11D0-8D11-00A0C91BC942}") = "Luis_Espinosa_Deber5", "Luis_Espinosa_Deber5\Luis_Espinosa_Deber5.vcxproj", "{65488036-40A6-4798-9769-1038F14AAD51}"
EndProject
Project("{8BC9CEB8-8B4A-11D0-8D11-00A0C91BC942}") = "PruebaUnitariaDeber5", "PruebaUnitariaDeber5\PruebaUnitariaDeber5.vcxproj", "{A7D0F946-21CC-4273-B842-1EB6E9DC5D9B}"
EndProject
Global
	GlobalSection(SolutionConfigurationPlatforms) = preSolution
		Debug|x64 = Debug|x64
		Debug|x86 = Debug|x86
		Release|x64 = Release|x64
		Release|x86 = Release|x86
	EndGlobalSection
	GlobalSection(ProjectConfigurationPlatforms) = postSolution
		{65488036-40A6-4798-9769-1038F14AAD51}.Debug|x64.ActiveCfg = Debug|x64
		{65488036-40A6-4798-9769-1038F14AAD51}.Debug|x64.Build.0 = Debug|x64
		{65488036-40A6-4798-9769-1038F14AAD51}.Debug|x86.ActiveCfg = Debug|Win32
		{65488036-40A6-4798-9769-1038F14AAD51}.Debug|x86.Build.0 = Debug|Win32
		{65488036-40A6-4798-9769-1038F14AAD51}.Release|x64.ActiveCfg = Release|x64
		{65488036-40A6-4798-9769-1038F14AAD51}.Release|x64.Build.0 = Release|x64
		{65488036-40A6-4798-9769-1038F14AAD51}.Release|x86.ActiveCfg = Release|Win32
		{65488036-40A6-4798-9769-1038F14AAD51}.Release|x86.Build.0 = Release|Win32
		{A7D0F946-21CC-4273-B842-1EB6E9DC5D9B}.Debug|x64.ActiveCfg = Debug|x64
		{A7D0F946-21CC-4273-B842-1EB6E9DC5D9B}.Debug|x64.Build.0 = Debug|x64
		{A7D0F946-21CC-4273-B842-1EB6E9DC5D9B}.Debug|x86.ActiveCfg = Debug|Win32
		{A7D0F946-21CC-4273-B842-1EB6E9DC5D9B}.Debug|x86.Build.0 = Debug|Win32
		{A7D0F946-21CC-4273-B842-1EB6E9DC5D9B}.Release|x64.ActiveCfg = Release|x64
		{A7D0F946-21CC-4273-B842-1EB6E9DC5D9B}.Release|x64.Build.0 = Release|x64
		{A7D0F946-21CC-4273-B842-1EB6E9DC5D9B}.Release|x86.ActiveCfg = Release|Win32
		{A7D0F946-21CC-4273-B842-1EB6E9DC5D9B}.Release|x86.Build.0 = Release|Win32
	EndGlobalSection
	GlobalSection(SolutionProperties) = preSolution
		HideSolutionNode = FALSE
	EndGlobalSection
	GlobalSection(ExtensibilityGlobals) = postSolution
		SolutionGuid = {A90B9CF6-76F1-4EE4-980C-CA023BFCC87B}
	EndGlobalSection
EndGlobal
