
Microsoft Visual Studio Solution File, Format Version 12.00
# Visual Studio Version 16
VisualStudioVersion = 16.0.31729.503
MinimumVisualStudioVersion = 10.0.40219.1
Project("{8BC9CEB8-8B4A-11D0-8D11-00A0C91BC942}") = "Luis_Espinosa_Deber6", "Luis_Espinosa_Deber6\Luis_Espinosa_Deber6.vcxproj", "{4F855E41-F7D7-423E-9CC5-D2D1FDE99780}"
EndProject
Project("{8BC9CEB8-8B4A-11D0-8D11-00A0C91BC942}") = "PruebaUnitariaDeber6", "PruebaUnitariaDeber6\PruebaUnitariaDeber6.vcxproj", "{6FA6F72E-EE4E-464C-9E1D-0D2C2D2D4581}"
EndProject
Global
	GlobalSection(SolutionConfigurationPlatforms) = preSolution
		Debug|x64 = Debug|x64
		Debug|x86 = Debug|x86
		Release|x64 = Release|x64
		Release|x86 = Release|x86
	EndGlobalSection
	GlobalSection(ProjectConfigurationPlatforms) = postSolution
		{4F855E41-F7D7-423E-9CC5-D2D1FDE99780}.Debug|x64.ActiveCfg = Debug|x64
		{4F855E41-F7D7-423E-9CC5-D2D1FDE99780}.Debug|x64.Build.0 = Debug|x64
		{4F855E41-F7D7-423E-9CC5-D2D1FDE99780}.Debug|x86.ActiveCfg = Debug|Win32
		{4F855E41-F7D7-423E-9CC5-D2D1FDE99780}.Debug|x86.Build.0 = Debug|Win32
		{4F855E41-F7D7-423E-9CC5-D2D1FDE99780}.Release|x64.ActiveCfg = Release|x64
		{4F855E41-F7D7-423E-9CC5-D2D1FDE99780}.Release|x64.Build.0 = Release|x64
		{4F855E41-F7D7-423E-9CC5-D2D1FDE99780}.Release|x86.ActiveCfg = Release|Win32
		{4F855E41-F7D7-423E-9CC5-D2D1FDE99780}.Release|x86.Build.0 = Release|Win32
		{6FA6F72E-EE4E-464C-9E1D-0D2C2D2D4581}.Debug|x64.ActiveCfg = Debug|x64
		{6FA6F72E-EE4E-464C-9E1D-0D2C2D2D4581}.Debug|x64.Build.0 = Debug|x64
		{6FA6F72E-EE4E-464C-9E1D-0D2C2D2D4581}.Debug|x86.ActiveCfg = Debug|Win32
		{6FA6F72E-EE4E-464C-9E1D-0D2C2D2D4581}.Debug|x86.Build.0 = Debug|Win32
		{6FA6F72E-EE4E-464C-9E1D-0D2C2D2D4581}.Release|x64.ActiveCfg = Release|x64
		{6FA6F72E-EE4E-464C-9E1D-0D2C2D2D4581}.Release|x64.Build.0 = Release|x64
		{6FA6F72E-EE4E-464C-9E1D-0D2C2D2D4581}.Release|x86.ActiveCfg = Release|Win32
		{6FA6F72E-EE4E-464C-9E1D-0D2C2D2D4581}.Release|x86.Build.0 = Release|Win32
	EndGlobalSection
	GlobalSection(SolutionProperties) = preSolution
		HideSolutionNode = FALSE
	EndGlobalSection
	GlobalSection(ExtensibilityGlobals) = postSolution
		SolutionGuid = {CB6BF392-1F80-445B-ACF5-355BC7E64A27}
	EndGlobalSection
EndGlobal
