
Microsoft Visual Studio Solution File, Format Version 12.00
# Visual Studio Version 17
VisualStudioVersion = 17.0.31912.275
MinimumVisualStudioVersion = 10.0.40219.1
Project("{8BC9CEB8-8B4A-11D0-8D11-00A0C91BC942}") = "Proyecto_Unidad_1", "Proyecto_Unidad_1\Proyecto_Unidad_1.vcxproj", "{BD96CEA7-527A-456F-A9EC-518F85FA28D3}"
EndProject
Project("{8BC9CEB8-8B4A-11D0-8D11-00A0C91BC942}") = "Prueba Unitaria", "Prueba Unitaria\Prueba Unitaria.vcxproj", "{ECD8CE4B-2887-434B-9F9D-FF9283D86631}"
EndProject
Global
	GlobalSection(SolutionConfigurationPlatforms) = preSolution
		Debug|x64 = Debug|x64
		Debug|x86 = Debug|x86
		Release|x64 = Release|x64
		Release|x86 = Release|x86
	EndGlobalSection
	GlobalSection(ProjectConfigurationPlatforms) = postSolution
		{BD96CEA7-527A-456F-A9EC-518F85FA28D3}.Debug|x64.ActiveCfg = Debug|x64
		{BD96CEA7-527A-456F-A9EC-518F85FA28D3}.Debug|x64.Build.0 = Debug|x64
		{BD96CEA7-527A-456F-A9EC-518F85FA28D3}.Debug|x86.ActiveCfg = Debug|Win32
		{BD96CEA7-527A-456F-A9EC-518F85FA28D3}.Debug|x86.Build.0 = Debug|Win32
		{BD96CEA7-527A-456F-A9EC-518F85FA28D3}.Release|x64.ActiveCfg = Release|x64
		{BD96CEA7-527A-456F-A9EC-518F85FA28D3}.Release|x64.Build.0 = Release|x64
		{BD96CEA7-527A-456F-A9EC-518F85FA28D3}.Release|x86.ActiveCfg = Release|Win32
		{BD96CEA7-527A-456F-A9EC-518F85FA28D3}.Release|x86.Build.0 = Release|Win32
		{ECD8CE4B-2887-434B-9F9D-FF9283D86631}.Debug|x64.ActiveCfg = Debug|x64
		{ECD8CE4B-2887-434B-9F9D-FF9283D86631}.Debug|x64.Build.0 = Debug|x64
		{ECD8CE4B-2887-434B-9F9D-FF9283D86631}.Debug|x86.ActiveCfg = Debug|Win32
		{ECD8CE4B-2887-434B-9F9D-FF9283D86631}.Debug|x86.Build.0 = Debug|Win32
		{ECD8CE4B-2887-434B-9F9D-FF9283D86631}.Release|x64.ActiveCfg = Release|x64
		{ECD8CE4B-2887-434B-9F9D-FF9283D86631}.Release|x64.Build.0 = Release|x64
		{ECD8CE4B-2887-434B-9F9D-FF9283D86631}.Release|x86.ActiveCfg = Release|Win32
		{ECD8CE4B-2887-434B-9F9D-FF9283D86631}.Release|x86.Build.0 = Release|Win32
	EndGlobalSection
	GlobalSection(SolutionProperties) = preSolution
		HideSolutionNode = FALSE
	EndGlobalSection
	GlobalSection(ExtensibilityGlobals) = postSolution
		SolutionGuid = {2A1DCF65-A1F5-4ED5-A7C0-21E7360A9543}
	EndGlobalSection
EndGlobal
